// !$*UTF8*$!
{
	archiveVersion = 1;
	classes = {
	};
	objectVersion = 50;
	objects = {

/* Begin PBXBuildFile section */
		BF60A1322322BA93003E7DFC /* AppDelegate.swift in Sources */ = {isa = PBXBuildFile; fileRef = BF60A1312322BA93003E7DFC /* AppDelegate.swift */; };
		BF60A1342322BA93003E7DFC /* ViewController.swift in Sources */ = {isa = PBXBuildFile; fileRef = BF60A1332322BA93003E7DFC /* ViewController.swift */; };
		BF60A1372322BA93003E7DFC /* Main.storyboard in Resources */ = {isa = PBXBuildFile; fileRef = BF60A1352322BA93003E7DFC /* Main.storyboard */; };
		BF60A1392322BA94003E7DFC /* Assets.xcassets in Resources */ = {isa = PBXBuildFile; fileRef = BF60A1382322BA94003E7DFC /* Assets.xcassets */; };
		BF60A13C2322BA94003E7DFC /* LaunchScreen.storyboard in Resources */ = {isa = PBXBuildFile; fileRef = BF60A13A2322BA94003E7DFC /* LaunchScreen.storyboard */; };
		BF60A1462322C06E003E7DFC /* CategoryTableViewController.swift in Sources */ = {isa = PBXBuildFile; fileRef = BF60A1452322C06E003E7DFC /* CategoryTableViewController.swift */; };
		BF60A1482322C0B5003E7DFC /* MenuTableViewController.swift in Sources */ = {isa = PBXBuildFile; fileRef = BF60A1472322C0B5003E7DFC /* MenuTableViewController.swift */; };
		BF60A14A2322C0C4003E7DFC /* OrderTableViewController.swift in Sources */ = {isa = PBXBuildFile; fileRef = BF60A1492322C0C4003E7DFC /* OrderTableViewController.swift */; };
		BF60A14C2322C418003E7DFC /* MenuItemDetailViewController.swift in Sources */ = {isa = PBXBuildFile; fileRef = BF60A14B2322C418003E7DFC /* MenuItemDetailViewController.swift */; };
		BF60A14E2322C51D003E7DFC /* MenuItem.swift in Sources */ = {isa = PBXBuildFile; fileRef = BF60A14D2322C51D003E7DFC /* MenuItem.swift */; };
		BF60A1502322C72E003E7DFC /* IntermediaryModels.swift in Sources */ = {isa = PBXBuildFile; fileRef = BF60A14F2322C72E003E7DFC /* IntermediaryModels.swift */; };
		BF60A1522322C7DD003E7DFC /* Order.swift in Sources */ = {isa = PBXBuildFile; fileRef = BF60A1512322C7DD003E7DFC /* Order.swift */; };
		BF60A1542322D45F003E7DFC /* MenuConroller.swift in Sources */ = {isa = PBXBuildFile; fileRef = BF60A1532322D45F003E7DFC /* MenuConroller.swift */; };
/* End PBXBuildFile section */

/* Begin PBXFileReference section */
		BF60A12E2322BA93003E7DFC /* Restaurant.app */ = {isa = PBXFileReference; explicitFileType = wrapper.application; includeInIndex = 0; path = Restaurant.app; sourceTree = BUILT_PRODUCTS_DIR; };
		BF60A1312322BA93003E7DFC /* AppDelegate.swift */ = {isa = PBXFileReference; lastKnownFileType = sourcecode.swift; path = AppDelegate.swift; sourceTree = "<group>"; };
		BF60A1332322BA93003E7DFC /* ViewController.swift */ = {isa = PBXFileReference; lastKnownFileType = sourcecode.swift; path = ViewController.swift; sourceTree = "<group>"; };
		BF60A1362322BA93003E7DFC /* Base */ = {isa = PBXFileReference; lastKnownFileType = file.storyboard; name = Base; path = Base.lproj/Main.storyboard; sourceTree = "<group>"; };
		BF60A1382322BA94003E7DFC /* Assets.xcassets */ = {isa = PBXFileReference; lastKnownFileType = folder.assetcatalog; path = Assets.xcassets; sourceTree = "<group>"; };
		BF60A13B2322BA94003E7DFC /* Base */ = {isa = PBXFileReference; lastKnownFileType = file.storyboard; name = Base; path = Base.lproj/LaunchScreen.storyboard; sourceTree = "<group>"; };
		BF60A13D2322BA94003E7DFC /* Info.plist */ = {isa = PBXFileReference; lastKnownFileType = text.plist.xml; path = Info.plist; sourceTree = "<group>"; };
		BF60A1452322C06E003E7DFC /* CategoryTableViewController.swift */ = {isa = PBXFileReference; lastKnownFileType = sourcecode.swift; path = CategoryTableViewController.swift; sourceTree = "<group>"; };
		BF60A1472322C0B5003E7DFC /* MenuTableViewController.swift */ = {isa = PBXFileReference; lastKnownFileType = sourcecode.swift; path = MenuTableViewController.swift; sourceTree = "<group>"; };
		BF60A1492322C0C4003E7DFC /* OrderTableViewController.swift */ = {isa = PBXFileReference; lastKnownFileType = sourcecode.swift; path = OrderTableViewController.swift; sourceTree = "<group>"; };
		BF60A14B2322C418003E7DFC /* MenuItemDetailViewController.swift */ = {isa = PBXFileReference; lastKnownFileType = sourcecode.swift; path = MenuItemDetailViewController.swift; sourceTree = "<group>"; };
		BF60A14D2322C51D003E7DFC /* MenuItem.swift */ = {isa = PBXFileReference; lastKnownFileType = sourcecode.swift; path = MenuItem.swift; sourceTree = "<group>"; };
		BF60A14F2322C72E003E7DFC /* IntermediaryModels.swift */ = {isa = PBXFileReference; lastKnownFileType = sourcecode.swift; path = IntermediaryModels.swift; sourceTree = "<group>"; };
		BF60A1512322C7DD003E7DFC /* Order.swift */ = {isa = PBXFileReference; lastKnownFileType = sourcecode.swift; path = Order.swift; sourceTree = "<group>"; };
		BF60A1532322D45F003E7DFC /* MenuConroller.swift */ = {isa = PBXFileReference; lastKnownFileType = sourcecode.swift; path = MenuConroller.swift; sourceTree = "<group>"; };
/* End PBXFileReference section */

/* Begin PBXFrameworksBuildPhase section */
		BF60A12B2322BA93003E7DFC /* Frameworks */ = {
			isa = PBXFrameworksBuildPhase;
			buildActionMask = 2147483647;
			files = (
			);
			runOnlyForDeploymentPostprocessing = 0;
		};
/* End PBXFrameworksBuildPhase section */

/* Begin PBXGroup section */
		BF60A1252322BA93003E7DFC = {
			isa = PBXGroup;
			children = (
				BF60A1302322BA93003E7DFC /* Restaurant */,
				BF60A12F2322BA93003E7DFC /* Products */,
			);
			sourceTree = "<group>";
		};
		BF60A12F2322BA93003E7DFC /* Products */ = {
			isa = PBXGroup;
			children = (
				BF60A12E2322BA93003E7DFC /* Restaurant.app */,
			);
			name = Products;
			sourceTree = "<group>";
		};
		BF60A1302322BA93003E7DFC /* Restaurant */ = {
			isa = PBXGroup;
			children = (
				BF60A1312322BA93003E7DFC /* AppDelegate.swift */,
				BF60A1332322BA93003E7DFC /* ViewController.swift */,
				BF60A1352322BA93003E7DFC /* Main.storyboard */,
				BF60A14D2322C51D003E7DFC /* MenuItem.swift */,
				BF60A14F2322C72E003E7DFC /* IntermediaryModels.swift */,
				BF60A1512322C7DD003E7DFC /* Order.swift */,
				BF60A1532322D45F003E7DFC /* MenuConroller.swift */,
				BF60A14B2322C418003E7DFC /* MenuItemDetailViewController.swift */,
				BF60A1452322C06E003E7DFC /* CategoryTableViewController.swift */,
				BF60A1472322C0B5003E7DFC /* MenuTableViewController.swift */,
				BF60A1492322C0C4003E7DFC /* OrderTableViewController.swift */,
				BF60A1382322BA94003E7DFC /* Assets.xcassets */,
				BF60A13A2322BA94003E7DFC /* LaunchScreen.storyboard */,
				BF60A13D2322BA94003E7DFC /* Info.plist */,
			);
			path = Restaurant;
			sourceTree = "<group>";
		};
/* End PBXGroup section */

/* Begin PBXNativeTarget section */
		BF60A12D2322BA93003E7DFC /* Restaurant */ = {
			isa = PBXNativeTarget;
			buildConfigurationList = BF60A1402322BA94003E7DFC /* Build configuration list for PBXNativeTarget "Restaurant" */;
			buildPhases = (
				BF60A12A2322BA93003E7DFC /* Sources */,
				BF60A12B2322BA93003E7DFC /* Frameworks */,
				BF60A12C2322BA93003E7DFC /* Resources */,
			);
			buildRules = (
			);
			dependencies = (
			);
			name = Restaurant;
			productName = Restaurant;
			productReference = BF60A12E2322BA93003E7DFC /* Restaurant.app */;
			productType = "com.apple.product-type.application";
		};
/* End PBXNativeTarget section */

/* Begin PBXProject section */
		BF60A1262322BA93003E7DFC /* Project object */ = {
			isa = PBXProject;
			attributes = {
				LastSwiftUpdateCheck = 1030;
				LastUpgradeCheck = 1030;
				ORGANIZATIONNAME = "Maahd Shahzad";
				TargetAttributes = {
					BF60A12D2322BA93003E7DFC = {
						CreatedOnToolsVersion = 10.3;
					};
				};
			};
			buildConfigurationList = BF60A1292322BA93003E7DFC /* Build configuration list for PBXProject "Restaurant" */;
			compatibilityVersion = "Xcode 9.3";
			developmentRegion = en;
			hasScannedForEncodings = 0;
			knownRegions = (
				en,
				Base,
			);
			mainGroup = BF60A1252322BA93003E7DFC;
			productRefGroup = BF60A12F2322BA93003E7DFC /* Products */;
			projectDirPath = "";
			projectRoot = "";
			targets = (
				BF60A12D2322BA93003E7DFC /* Restaurant */,
			);
		};
/* End PBXProject section */

/* Begin PBXResourcesBuildPhase section */
		BF60A12C2322BA93003E7DFC /* Resources */ = {
			isa = PBXResourcesBuildPhase;
			buildActionMask = 2147483647;
			files = (
				BF60A13C2322BA94003E7DFC /* LaunchScreen.storyboard in Resources */,
				BF60A1392322BA94003E7DFC /* Assets.xcassets in Resources */,
				BF60A1372322BA93003E7DFC /* Main.storyboard in Resources */,
			);
			runOnlyForDeploymentPostprocessing = 0;
		};
/* End PBXResourcesBuildPhase section */

/* Begin PBXSourcesBuildPhase section */
		BF60A12A2322BA93003E7DFC /* Sources */ = {
			isa = PBXSourcesBuildPhase;
			buildActionMask = 2147483647;
			files = (
				BF60A14E2322C51D003E7DFC /* MenuItem.swift in Sources */,
				BF60A1482322C0B5003E7DFC /* MenuTableViewController.swift in Sources */,
				BF60A14C2322C418003E7DFC /* MenuItemDetailViewController.swift in Sources */,
				BF60A1542322D45F003E7DFC /* MenuConroller.swift in Sources */,
				BF60A1522322C7DD003E7DFC /* Order.swift in Sources */,
				BF60A14A2322C0C4003E7DFC /* OrderTableViewController.swift in Sources */,
				BF60A1502322C72E003E7DFC /* IntermediaryModels.swift in Sources */,
				BF60A1342322BA93003E7DFC /* ViewController.swift in Sources */,
				BF60A1322322BA93003E7DFC /* AppDelegate.swift in Sources */,
				BF60A1462322C06E003E7DFC /* CategoryTableViewController.swift in Sources */,
			);
			runOnlyForDeploymentPostprocessing = 0;
		};
/* End PBXSourcesBuildPhase section */

/* Begin PBXVariantGroup section */
		BF60A1352322BA93003E7DFC /* Main.storyboard */ = {
			isa = PBXVariantGroup;
			children = (
				BF60A1362322BA93003E7DFC /* Base */,
			);
			name = Main.storyboard;
			sourceTree = "<group>";
		};
		BF60A13A2322BA94003E7DFC /* LaunchScreen.storyboard */ = {
			isa = PBXVariantGroup;
			children = (
				BF60A13B2322BA94003E7DFC /* Base */,
			);
			name = LaunchScreen.storyboard;
			sourceTree = "<group>";
		};
/* End PBXVariantGroup section */

/* Begin XCBuildConfiguration section */
		BF60A13E2322BA94003E7DFC /* Debug */ = {
			isa = XCBuildConfiguration;
			buildSettings = {
				ALWAYS_SEARCH_USER_PATHS = NO;
				CLANG_ANALYZER_NONNULL = YES;
				CLANG_ANALYZER_NUMBER_OBJECT_CONVERSION = YES_AGGRESSIVE;
				CLANG_CXX_LANGUAGE_STANDARD = "gnu++14";
				CLANG_CXX_LIBRARY = "libc++";
				CLANG_ENABLE_MODULES = YES;
				CLANG_ENABLE_OBJC_ARC = YES;
				CLANG_ENABLE_OBJC_WEAK = YES;
				CLANG_WARN_BLOCK_CAPTURE_AUTORELEASING = YES;
				CLANG_WARN_BOOL_CONVERSION = YES;
				CLANG_WARN_COMMA = YES;
				CLANG_WARN_CONSTANT_CONVERSION = YES;
				CLANG_WARN_DEPRECATED_OBJC_IMPLEMENTATIONS = YES;
				CLANG_WARN_DIRECT_OBJC_ISA_USAGE = YES_ERROR;
				CLANG_WARN_DOCUMENTATION_COMMENTS = YES;
				CLANG_WARN_EMPTY_BODY = YES;
				CLANG_WARN_ENUM_CONVERSION = YES;
				CLANG_WARN_INFINITE_RECURSION = YES;
				CLANG_WARN_INT_CONVERSION = YES;
				CLANG_WARN_NON_LITERAL_NULL_CONVERSION = YES;
				CLANG_WARN_OBJC_IMPLICIT_RETAIN_SELF = YES;
				CLANG_WARN_OBJC_LITERAL_CONVERSION = YES;
				CLANG_WARN_OBJC_ROOT_CLASS = YES_ERROR;
				CLANG_WARN_RANGE_LOOP_ANALYSIS = YES;
				CLANG_WARN_STRICT_PROTOTYPES = YES;
				CLANG_WARN_SUSPICIOUS_MOVE = YES;
				CLANG_WARN_UNGUARDED_AVAILABILITY = YES_AGGRESSIVE;
				CLANG_WARN_UNREACHABLE_CODE = YES;
				CLANG_WARN__DUPLICATE_METHOD_MATCH = YES;
				CODE_SIGN_IDENTITY = "iPhone Developer";
				COPY_PHASE_STRIP = NO;
				DEBUG_INFORMATION_FORMAT = dwarf;
				ENABLE_STRICT_OBJC_MSGSEND = YES;
				ENABLE_TESTABILITY = YES;
				GCC_C_LANGUAGE_STANDARD = gnu11;
				GCC_DYNAMIC_NO_PIC = NO;
				GCC_NO_COMMON_BLOCKS = YES;
				GCC_OPTIMIZATION_LEVEL = 0;
				GCC_PREPROCESSOR_DEFINITIONS = (
					"DEBUG=1",
					"$(inherited)",
				);
				GCC_WARN_64_TO_32_BIT_CONVERSION = YES;
				GCC_WARN_ABOUT_RETURN_TYPE = YES_ERROR;
				GCC_WARN_UNDECLARED_SELECTOR = YES;
				GCC_WARN_UNINITIALIZED_AUTOS = YES_AGGRESSIVE;
				GCC_WARN_UNUSED_FUNCTION = YES;
				GCC_WARN_UNUSED_VARIABLE = YES;
				IPHONEOS_DEPLOYMENT_TARGET = 12.4;
				MTL_ENABLE_DEBUG_INFO = INCLUDE_SOURCE;
				MTL_FAST_MATH = YES;
				ONLY_ACTIVE_ARCH = YES;
				SDKROOT = iphoneos;
				SWIFT_ACTIVE_COMPILATION_CONDITIONS = DEBUG;
				SWIFT_OPTIMIZATION_LEVEL = "-Onone";
			};
			name = Debug;
		};
		BF60A13F2322BA94003E7DFC /* Release */ = {
			isa = XCBuildConfiguration;
			buildSettings = {
				ALWAYS_SEARCH_USER_PATHS = NO;
				CLANG_ANALYZER_NONNULL = YES;
				CLANG_ANALYZER_NUMBER_OBJECT_CONVERSION = YES_AGGRESSIVE;
				CLANG_CXX_LANGUAGE_STANDARD = "gnu++14";
				CLANG_CXX_LIBRARY = "libc++";
				CLANG_ENABLE_MODULES = YES;
				CLANG_ENABLE_OBJC_ARC = YES;
				CLANG_ENABLE_OBJC_WEAK = YES;
				CLANG_WARN_BLOCK_CAPTURE_AUTORELEASING = YES;
				CLANG_WARN_BOOL_CONVERSION = YES;
				CLANG_WARN_COMMA = YES;
				CLANG_WARN_CONSTANT_CONVERSION = YES;
				CLANG_WARN_DEPRECATED_OBJC_IMPLEMENTATIONS = YES;
				CLANG_WARN_DIRECT_OBJC_ISA_USAGE = YES_ERROR;
				CLANG_WARN_DOCUMENTATION_COMMENTS = YES;
				CLANG_WARN_EMPTY_BODY = YES;
				CLANG_WARN_ENUM_CONVERSION = YES;
				CLANG_WARN_INFINITE_RECURSION = YES;
				CLANG_WARN_INT_CONVERSION = YES;
				CLANG_WARN_NON_LITERAL_NULL_CONVERSION = YES;
				CLANG_WARN_OBJC_IMPLICIT_RETAIN_SELF = YES;
				CLANG_WARN_OBJC_LITERAL_CONVERSION = YES;
				CLANG_WARN_OBJC_ROOT_CLASS = YES_ERROR;
				CLANG_WARN_RANGE_LOOP_ANALYSIS = YES;
				CLANG_WARN_STRICT_PROTOTYPES = YES;
				CLANG_WARN_SUSPICIOUS_MOVE = YES;
				CLANG_WARN_UNGUARDED_AVAILABILITY = YES_AGGRESSIVE;
				CLANG_WARN_UNREACHABLE_CODE = YES;
				CLANG_WARN__DUPLICATE_METHOD_MATCH = YES;
				CODE_SIGN_IDENTITY = "iPhone Developer";
				COPY_PHASE_STRIP = NO;
				DEBUG_INFORMATION_FORMAT = "dwarf-with-dsym";
				ENABLE_NS_ASSERTIONS = NO;
				ENABLE_STRICT_OBJC_MSGSEND = YES;
				GCC_C_LANGUAGE_STANDARD = gnu11;
				GCC_NO_COMMON_BLOCKS = YES;
				GCC_WARN_64_TO_32_BIT_CONVERSION = YES;
				GCC_WARN_ABOUT_RETURN_TYPE = YES_ERROR;
				GCC_WARN_UNDECLARED_SELECTOR = YES;
				GCC_WARN_UNINITIALIZED_AUTOS = YES_AGGRESSIVE;
				GCC_WARN_UNUSED_FUNCTION = YES;
				GCC_WARN_UNUSED_VARIABLE = YES;
				IPHONEOS_DEPLOYMENT_TARGET = 12.4;
				MTL_ENABLE_DEBUG_INFO = NO;
				MTL_FAST_MATH = YES;
				SDKROOT = iphoneos;
				SWIFT_COMPILATION_MODE = wholemodule;
				SWIFT_OPTIMIZATION_LEVEL = "-O";
				VALIDATE_PRODUCT = YES;
			};
			name = Release;
		};
		BF60A1412322BA94003E7DFC /* Debug */ = {
			isa = XCBuildConfiguration;
			buildSettings = {
				ASSETCATALOG_COMPILER_APPICON_NAME = AppIcon;
				CODE_SIGN_STYLE = Automatic;
				INFOPLIST_FILE = Restaurant/Info.plist;
				LD_RUNPATH_SEARCH_PATHS = (
					"$(inherited)",
					"@executable_path/Frameworks",
				);
				PRODUCT_BUNDLE_IDENTIFIER = com.maahd.Restaurant;
				PRODUCT_NAME = "$(TARGET_NAME)";
				SWIFT_VERSION = 5.0;
				TARGETED_DEVICE_FAMILY = "1,2";
			};
			name = Debug;
		};
		BF60A1422322BA94003E7DFC /* Release */ = {
			isa = XCBuildConfiguration;
			buildSettings = {
				ASSETCATALOG_COMPILER_APPICON_NAME = AppIcon;
				CODE_SIGN_STYLE = Automatic;
				INFOPLIST_FILE = Restaurant/Info.plist;
				LD_RUNPATH_SEARCH_PATHS = (
					"$(inherited)",
					"@executable_path/Frameworks",
				);
				PRODUCT_BUNDLE_IDENTIFIER = com.maahd.Restaurant;
				PRODUCT_NAME = "$(TARGET_NAME)";
				SWIFT_VERSION = 5.0;
				TARGETED_DEVICE_FAMILY = "1,2";
			};
			name = Release;
		};
/* End XCBuildConfiguration section */

/* Begin XCConfigurationList section */
		BF60A1292322BA93003E7DFC /* Build configuration list for PBXProject "Restaurant" */ = {
			isa = XCConfigurationList;
			buildConfigurations = (
				BF60A13E2322BA94003E7DFC /* Debug */,
				BF60A13F2322BA94003E7DFC /* Release */,
			);
			defaultConfigurationIsVisible = 0;
			defaultConfigurationName = Release;
		};
		BF60A1402322BA94003E7DFC /* Build configuration list for PBXNativeTarget "Restaurant" */ = {
			isa = XCConfigurationList;
			buildConfigurations = (
				BF60A1412322BA94003E7DFC /* Debug */,
				BF60A1422322BA94003E7DFC /* Release */,
			);
			defaultConfigurationIsVisible = 0;
			defaultConfigurationName = Release;
		};
/* End XCConfigurationList section */
	};
	rootObject = BF60A1262322BA93003E7DFC /* Project object */;
}
